
Microsoft Visual Studio Solution File, Format Version 12.00
# Visual Studio Version 16
VisualStudioVersion = 16.0.29318.209
MinimumVisualStudioVersion = 10.0.40219.1
Project("{FAE04EC0-301F-11D3-BF4B-00C04F79EFBC}") = "ConsoleApplication", "ConsoleApplication\ConsoleApplication.csproj", "{2BDA4D3F-43BB-49C3-ABDC-19A3796653DB}"
EndProject
Project("{FAE04EC0-301F-11D3-BF4B-00C04F79EFBC}") = "MathQuiz", "MathQuiz\MathQuiz.csproj", "{7E508023-B8E4-4F02-9A82-879B66BD9EAF}"
EndProject
Project("{FAE04EC0-301F-11D3-BF4B-00C04F79EFBC}") = "MegaDesk-Sawyer", "MegaDesk-Sawyer\MegaDesk-Sawyer.csproj", "{DCF82404-578F-4506-8E52-82197ABBED02}"
EndProject
Global
	GlobalSection(SolutionConfigurationPlatforms) = preSolution
		Debug|Any CPU = Debug|Any CPU
		Release|Any CPU = Release|Any CPU
	EndGlobalSection
	GlobalSection(ProjectConfigurationPlatforms) = postSolution
		{2BDA4D3F-43BB-49C3-ABDC-19A3796653DB}.Debug|Any CPU.ActiveCfg = Debug|Any CPU
		{2BDA4D3F-43BB-49C3-ABDC-19A3796653DB}.Debug|Any CPU.Build.0 = Debug|Any CPU
		{2BDA4D3F-43BB-49C3-ABDC-19A3796653DB}.Release|Any CPU.ActiveCfg = Release|Any CPU
		{2BDA4D3F-43BB-49C3-ABDC-19A3796653DB}.Release|Any CPU.Build.0 = Release|Any CPU
		{7E508023-B8E4-4F02-9A82-879B66BD9EAF}.Debug|Any CPU.ActiveCfg = Debug|Any CPU
		{7E508023-B8E4-4F02-9A82-879B66BD9EAF}.Debug|Any CPU.Build.0 = Debug|Any CPU
		{7E508023-B8E4-4F02-9A82-879B66BD9EAF}.Release|Any CPU.ActiveCfg = Release|Any CPU
		{7E508023-B8E4-4F02-9A82-879B66BD9EAF}.Release|Any CPU.Build.0 = Release|Any CPU
		{DCF82404-578F-4506-8E52-82197ABBED02}.Debug|Any CPU.ActiveCfg = Debug|Any CPU
		{DCF82404-578F-4506-8E52-82197ABBED02}.Debug|Any CPU.Build.0 = Debug|Any CPU
		{DCF82404-578F-4506-8E52-82197ABBED02}.Release|Any CPU.ActiveCfg = Release|Any CPU
		{DCF82404-578F-4506-8E52-82197ABBED02}.Release|Any CPU.Build.0 = Release|Any CPU
	EndGlobalSection
	GlobalSection(SolutionProperties) = preSolution
		HideSolutionNode = FALSE
	EndGlobalSection
	GlobalSection(ExtensibilityGlobals) = postSolution
		SolutionGuid = {90FA63DA-016B-470E-A232-25713FC5DCC4}
	EndGlobalSection
EndGlobal
